
Microsoft Visual Studio Solution File, Format Version 12.00
# Visual Studio 15
VisualStudioVersion = 15.0.27004.2002
MinimumVisualStudioVersion = 10.0.40219.1
Project("{FAE04EC0-301F-11D3-BF4B-00C04F79EFBC}") = "TeknikServis.BLL", "TeknikServis.BLL\TeknikServis.BLL.csproj", "{CCC5766E-701E-4E2C-836C-6CB10FCED961}"
EndProject
Project("{FAE04EC0-301F-11D3-BF4B-00C04F79EFBC}") = "TeknikServis.UI", "TeknikServis.UI\TeknikServis.UI.csproj", "{6EEF63B0-4C3F-47B7-8A99-F2CD05D8609F}"
EndProject
Project("{FAE04EC0-301F-11D3-BF4B-00C04F79EFBC}") = "TeknikServis.DAL", "TeknikServis.DAL\TeknikServis.DAL.csproj", "{03774A3C-3430-4A0C-8BF3-F93614F45FE8}"
EndProject
Global
	GlobalSection(SolutionConfigurationPlatforms) = preSolution
		Debug|Any CPU = Debug|Any CPU
		Release|Any CPU = Release|Any CPU
	EndGlobalSection
	GlobalSection(ProjectConfigurationPlatforms) = postSolution
		{CCC5766E-701E-4E2C-836C-6CB10FCED961}.Debug|Any CPU.ActiveCfg = Debug|Any CPU
		{CCC5766E-701E-4E2C-836C-6CB10FCED961}.Debug|Any CPU.Build.0 = Debug|Any CPU
		{CCC5766E-701E-4E2C-836C-6CB10FCED961}.Release|Any CPU.ActiveCfg = Release|Any CPU
		{CCC5766E-701E-4E2C-836C-6CB10FCED961}.Release|Any CPU.Build.0 = Release|Any CPU
		{6EEF63B0-4C3F-47B7-8A99-F2CD05D8609F}.Debug|Any CPU.ActiveCfg = Debug|Any CPU
		{6EEF63B0-4C3F-47B7-8A99-F2CD05D8609F}.Debug|Any CPU.Build.0 = Debug|Any CPU
		{6EEF63B0-4C3F-47B7-8A99-F2CD05D8609F}.Release|Any CPU.ActiveCfg = Release|Any CPU
		{6EEF63B0-4C3F-47B7-8A99-F2CD05D8609F}.Release|Any CPU.Build.0 = Release|Any CPU
		{03774A3C-3430-4A0C-8BF3-F93614F45FE8}.Debug|Any CPU.ActiveCfg = Debug|Any CPU
		{03774A3C-3430-4A0C-8BF3-F93614F45FE8}.Debug|Any CPU.Build.0 = Debug|Any CPU
		{03774A3C-3430-4A0C-8BF3-F93614F45FE8}.Release|Any CPU.ActiveCfg = Release|Any CPU
		{03774A3C-3430-4A0C-8BF3-F93614F45FE8}.Release|Any CPU.Build.0 = Release|Any CPU
	EndGlobalSection
	GlobalSection(SolutionProperties) = preSolution
		HideSolutionNode = FALSE
	EndGlobalSection
	GlobalSection(ExtensibilityGlobals) = postSolution
		SolutionGuid = {644E7E1D-B92A-445F-8589-5CA9210BFA3A}
	EndGlobalSection
EndGlobal
